
Microsoft Visual Studio Solution File, Format Version 12.00
# Visual Studio 15
VisualStudioVersion = 15.0.27428.1
MinimumVisualStudioVersion = 10.0.40219.1
Project("{9A19103F-16F7-4668-BE54-9A1E7A4F7556}") = "VipcoMaintenance", "VipcoMaintenance.csproj", "{5BA019D7-ED6C-4818-AF22-15CC1515597B}"
EndProject
Global
	GlobalSection(SolutionConfigurationPlatforms) = preSolution
		Debug|Any CPU = Debug|Any CPU
		Release|Any CPU = Release|Any CPU
	EndGlobalSection
	GlobalSection(ProjectConfigurationPlatforms) = postSolution
		{5BA019D7-ED6C-4818-AF22-15CC1515597B}.Debug|Any CPU.ActiveCfg = Debug|Any CPU
		{5BA019D7-ED6C-4818-AF22-15CC1515597B}.Debug|Any CPU.Build.0 = Debug|Any CPU
		{5BA019D7-ED6C-4818-AF22-15CC1515597B}.Release|Any CPU.ActiveCfg = Release|Any CPU
		{5BA019D7-ED6C-4818-AF22-15CC1515597B}.Release|Any CPU.Build.0 = Release|Any CPU
	EndGlobalSection
	GlobalSection(SolutionProperties) = preSolution
		HideSolutionNode = FALSE
	EndGlobalSection
	GlobalSection(ExtensibilityGlobals) = postSolution
		SolutionGuid = {4217745B-B22B-4DD6-9109-43928A820849}
	EndGlobalSection
EndGlobal
